
Microsoft Visual Studio Solution File, Format Version 12.00
# Visual Studio 2012
Project("{FAE04EC0-301F-11D3-BF4B-00C04F79EFBC}") = "Nomads.Utilities.Settings", "Nomads.Utilities.Settings\Nomads.Utilities.Settings.csproj", "{2A6CAC6E-0CFE-4BD3-A3A9-D3EBF8DD8D2B}"
EndProject
Project("{D954291E-2A0B-460D-934E-DC6B0785DB48}") = "Nomads.Utilities.Settings.Unified", "Nomads.Utilities.Settings.Unified\Nomads.Utilities.Settings.Unified.shproj", "{A185D966-D78E-4295-9D53-2DD0C2224ECE}"
EndProject
Global
	GlobalSection(SolutionConfigurationPlatforms) = preSolution
		Debug|Any CPU = Debug|Any CPU
		Release|Any CPU = Release|Any CPU
	EndGlobalSection
	GlobalSection(ProjectConfigurationPlatforms) = postSolution
		{2A6CAC6E-0CFE-4BD3-A3A9-D3EBF8DD8D2B}.Debug|Any CPU.ActiveCfg = Debug|Any CPU
		{2A6CAC6E-0CFE-4BD3-A3A9-D3EBF8DD8D2B}.Debug|Any CPU.Build.0 = Debug|Any CPU
		{2A6CAC6E-0CFE-4BD3-A3A9-D3EBF8DD8D2B}.Release|Any CPU.ActiveCfg = Release|Any CPU
		{2A6CAC6E-0CFE-4BD3-A3A9-D3EBF8DD8D2B}.Release|Any CPU.Build.0 = Release|Any CPU
	EndGlobalSection
EndGlobal
